
Microsoft Visual Studio Solution File, Format Version 12.00
# Visual Studio Version 17
VisualStudioVersion = 17.3.32922.545
MinimumVisualStudioVersion = 10.0.40219.1
Project("{FAE04EC0-301F-11D3-BF4B-00C04F79EFBC}") = "Jeet", "Jeet.csproj", "{DBDE6BBA-718B-472B-BDA0-E899F1830A9F}"
EndProject
Global
	GlobalSection(SolutionConfigurationPlatforms) = preSolution
		Debug|Any CPU = Debug|Any CPU
		Release|Any CPU = Release|Any CPU
	EndGlobalSection
	GlobalSection(ProjectConfigurationPlatforms) = postSolution
		{DBDE6BBA-718B-472B-BDA0-E899F1830A9F}.Debug|Any CPU.ActiveCfg = Debug|Any CPU
		{DBDE6BBA-718B-472B-BDA0-E899F1830A9F}.Debug|Any CPU.Build.0 = Debug|Any CPU
		{DBDE6BBA-718B-472B-BDA0-E899F1830A9F}.Release|Any CPU.ActiveCfg = Release|Any CPU
		{DBDE6BBA-718B-472B-BDA0-E899F1830A9F}.Release|Any CPU.Build.0 = Release|Any CPU
	EndGlobalSection
	GlobalSection(SolutionProperties) = preSolution
		HideSolutionNode = FALSE
	EndGlobalSection
	GlobalSection(ExtensibilityGlobals) = postSolution
		SolutionGuid = {3F0E3B17-90FF-409D-B233-1E1C4D04909F}
	EndGlobalSection
EndGlobal
